
Microsoft Visual Studio Solution File, Format Version 12.00
# Visual Studio Version 17
VisualStudioVersion = 17.1.32421.90
MinimumVisualStudioVersion = 10.0.40219.1
Project("{FAE04EC0-301F-11D3-BF4B-00C04F79EFBC}") = "DAL", "dal\DAL.csproj", "{59A7309D-F9F6-4CF8-A2EC-7F1A46D9043D}"
EndProject
Project("{FAE04EC0-301F-11D3-BF4B-00C04F79EFBC}") = "BLL", "bll\BLL.csproj", "{3F0AC70C-77D1-4E19-95E6-2FCF2E8339EE}"
EndProject
Project("{FAE04EC0-301F-11D3-BF4B-00C04F79EFBC}") = "wpf", "wpf\wpf.csproj", "{A531A731-551E-4171-8811-BDA348F50FFD}"
EndProject
Global
	GlobalSection(SolutionConfigurationPlatforms) = preSolution
		Debug|Any CPU = Debug|Any CPU
		Debug|ARM = Debug|ARM
		Debug|ARM64 = Debug|ARM64
		Debug|x64 = Debug|x64
		Debug|x86 = Debug|x86
		Release|Any CPU = Release|Any CPU
		Release|ARM = Release|ARM
		Release|ARM64 = Release|ARM64
		Release|x64 = Release|x64
		Release|x86 = Release|x86
	EndGlobalSection
	GlobalSection(ProjectConfigurationPlatforms) = postSolution
		{59A7309D-F9F6-4CF8-A2EC-7F1A46D9043D}.Debug|Any CPU.ActiveCfg = Debug|Any CPU
		{59A7309D-F9F6-4CF8-A2EC-7F1A46D9043D}.Debug|Any CPU.Build.0 = Debug|Any CPU
		{59A7309D-F9F6-4CF8-A2EC-7F1A46D9043D}.Debug|ARM.ActiveCfg = Debug|Any CPU
		{59A7309D-F9F6-4CF8-A2EC-7F1A46D9043D}.Debug|ARM.Build.0 = Debug|Any CPU
		{59A7309D-F9F6-4CF8-A2EC-7F1A46D9043D}.Debug|ARM64.ActiveCfg = Debug|Any CPU
		{59A7309D-F9F6-4CF8-A2EC-7F1A46D9043D}.Debug|ARM64.Build.0 = Debug|Any CPU
		{59A7309D-F9F6-4CF8-A2EC-7F1A46D9043D}.Debug|x64.ActiveCfg = Debug|Any CPU
		{59A7309D-F9F6-4CF8-A2EC-7F1A46D9043D}.Debug|x64.Build.0 = Debug|Any CPU
		{59A7309D-F9F6-4CF8-A2EC-7F1A46D9043D}.Debug|x86.ActiveCfg = Debug|Any CPU
		{59A7309D-F9F6-4CF8-A2EC-7F1A46D9043D}.Debug|x86.Build.0 = Debug|Any CPU
		{59A7309D-F9F6-4CF8-A2EC-7F1A46D9043D}.Release|Any CPU.ActiveCfg = Release|Any CPU
		{59A7309D-F9F6-4CF8-A2EC-7F1A46D9043D}.Release|Any CPU.Build.0 = Release|Any CPU
		{59A7309D-F9F6-4CF8-A2EC-7F1A46D9043D}.Release|ARM.ActiveCfg = Release|Any CPU
		{59A7309D-F9F6-4CF8-A2EC-7F1A46D9043D}.Release|ARM.Build.0 = Release|Any CPU
		{59A7309D-F9F6-4CF8-A2EC-7F1A46D9043D}.Release|ARM64.ActiveCfg = Release|Any CPU
		{59A7309D-F9F6-4CF8-A2EC-7F1A46D9043D}.Release|ARM64.Build.0 = Release|Any CPU
		{59A7309D-F9F6-4CF8-A2EC-7F1A46D9043D}.Release|x64.ActiveCfg = Release|Any CPU
		{59A7309D-F9F6-4CF8-A2EC-7F1A46D9043D}.Release|x64.Build.0 = Release|Any CPU
		{59A7309D-F9F6-4CF8-A2EC-7F1A46D9043D}.Release|x86.ActiveCfg = Release|Any CPU
		{59A7309D-F9F6-4CF8-A2EC-7F1A46D9043D}.Release|x86.Build.0 = Release|Any CPU
		{3F0AC70C-77D1-4E19-95E6-2FCF2E8339EE}.Debug|Any CPU.ActiveCfg = Debug|Any CPU
		{3F0AC70C-77D1-4E19-95E6-2FCF2E8339EE}.Debug|Any CPU.Build.0 = Debug|Any CPU
		{3F0AC70C-77D1-4E19-95E6-2FCF2E8339EE}.Debug|ARM.ActiveCfg = Debug|Any CPU
		{3F0AC70C-77D1-4E19-95E6-2FCF2E8339EE}.Debug|ARM.Build.0 = Debug|Any CPU
		{3F0AC70C-77D1-4E19-95E6-2FCF2E8339EE}.Debug|ARM64.ActiveCfg = Debug|Any CPU
		{3F0AC70C-77D1-4E19-95E6-2FCF2E8339EE}.Debug|ARM64.Build.0 = Debug|Any CPU
		{3F0AC70C-77D1-4E19-95E6-2FCF2E8339EE}.Debug|x64.ActiveCfg = Debug|Any CPU
		{3F0AC70C-77D1-4E19-95E6-2FCF2E8339EE}.Debug|x64.Build.0 = Debug|Any CPU
		{3F0AC70C-77D1-4E19-95E6-2FCF2E8339EE}.Debug|x86.ActiveCfg = Debug|Any CPU
		{3F0AC70C-77D1-4E19-95E6-2FCF2E8339EE}.Debug|x86.Build.0 = Debug|Any CPU
		{3F0AC70C-77D1-4E19-95E6-2FCF2E8339EE}.Release|Any CPU.ActiveCfg = Release|Any CPU
		{3F0AC70C-77D1-4E19-95E6-2FCF2E8339EE}.Release|Any CPU.Build.0 = Release|Any CPU
		{3F0AC70C-77D1-4E19-95E6-2FCF2E8339EE}.Release|ARM.ActiveCfg = Release|Any CPU
		{3F0AC70C-77D1-4E19-95E6-2FCF2E8339EE}.Release|ARM.Build.0 = Release|Any CPU
		{3F0AC70C-77D1-4E19-95E6-2FCF2E8339EE}.Release|ARM64.ActiveCfg = Release|Any CPU
		{3F0AC70C-77D1-4E19-95E6-2FCF2E8339EE}.Release|ARM64.Build.0 = Release|Any CPU
		{3F0AC70C-77D1-4E19-95E6-2FCF2E8339EE}.Release|x64.ActiveCfg = Release|Any CPU
		{3F0AC70C-77D1-4E19-95E6-2FCF2E8339EE}.Release|x64.Build.0 = Release|Any CPU
		{3F0AC70C-77D1-4E19-95E6-2FCF2E8339EE}.Release|x86.ActiveCfg = Release|Any CPU
		{3F0AC70C-77D1-4E19-95E6-2FCF2E8339EE}.Release|x86.Build.0 = Release|Any CPU
		{A531A731-551E-4171-8811-BDA348F50FFD}.Debug|Any CPU.ActiveCfg = Debug|Any CPU
		{A531A731-551E-4171-8811-BDA348F50FFD}.Debug|Any CPU.Build.0 = Debug|Any CPU
		{A531A731-551E-4171-8811-BDA348F50FFD}.Debug|ARM.ActiveCfg = Debug|Any CPU
		{A531A731-551E-4171-8811-BDA348F50FFD}.Debug|ARM.Build.0 = Debug|Any CPU
		{A531A731-551E-4171-8811-BDA348F50FFD}.Debug|ARM64.ActiveCfg = Debug|Any CPU
		{A531A731-551E-4171-8811-BDA348F50FFD}.Debug|ARM64.Build.0 = Debug|Any CPU
		{A531A731-551E-4171-8811-BDA348F50FFD}.Debug|x64.ActiveCfg = Debug|Any CPU
		{A531A731-551E-4171-8811-BDA348F50FFD}.Debug|x64.Build.0 = Debug|Any CPU
		{A531A731-551E-4171-8811-BDA348F50FFD}.Debug|x86.ActiveCfg = Debug|Any CPU
		{A531A731-551E-4171-8811-BDA348F50FFD}.Debug|x86.Build.0 = Debug|Any CPU
		{A531A731-551E-4171-8811-BDA348F50FFD}.Release|Any CPU.ActiveCfg = Release|Any CPU
		{A531A731-551E-4171-8811-BDA348F50FFD}.Release|Any CPU.Build.0 = Release|Any CPU
		{A531A731-551E-4171-8811-BDA348F50FFD}.Release|ARM.ActiveCfg = Release|Any CPU
		{A531A731-551E-4171-8811-BDA348F50FFD}.Release|ARM.Build.0 = Release|Any CPU
		{A531A731-551E-4171-8811-BDA348F50FFD}.Release|ARM64.ActiveCfg = Release|Any CPU
		{A531A731-551E-4171-8811-BDA348F50FFD}.Release|ARM64.Build.0 = Release|Any CPU
		{A531A731-551E-4171-8811-BDA348F50FFD}.Release|x64.ActiveCfg = Release|Any CPU
		{A531A731-551E-4171-8811-BDA348F50FFD}.Release|x64.Build.0 = Release|Any CPU
		{A531A731-551E-4171-8811-BDA348F50FFD}.Release|x86.ActiveCfg = Release|Any CPU
		{A531A731-551E-4171-8811-BDA348F50FFD}.Release|x86.Build.0 = Release|Any CPU
	EndGlobalSection
	GlobalSection(SolutionProperties) = preSolution
		HideSolutionNode = FALSE
	EndGlobalSection
	GlobalSection(ExtensibilityGlobals) = postSolution
		SolutionGuid = {FCEE6A47-02DC-4C6B-8280-F02655176F06}
	EndGlobalSection
EndGlobal
